// !$*UTF8*$!
{
	archiveVersion = 1;
	classes = {
	};
	objectVersion = 55;
	objects = {

/* Begin PBXBuildFile section */
		A81FC45B27E8C27F00D010B7 /* AppDelegate.swift in Sources */ = {isa = PBXBuildFile; fileRef = A81FC45A27E8C27F00D010B7 /* AppDelegate.swift */; };
		A81FC45D27E8C27F00D010B7 /* SceneDelegate.swift in Sources */ = {isa = PBXBuildFile; fileRef = A81FC45C27E8C27F00D010B7 /* SceneDelegate.swift */; };
		A81FC46227E8C27F00D010B7 /* Main.storyboard in Resources */ = {isa = PBXBuildFile; fileRef = A81FC46027E8C27F00D010B7 /* Main.storyboard */; };
		A81FC46527E8C27F00D010B7 /* BillDividorWithTip.xcdatamodeld in Sources */ = {isa = PBXBuildFile; fileRef = A81FC46327E8C27F00D010B7 /* BillDividorWithTip.xcdatamodeld */; };
		A81FC46727E8C28000D010B7 /* Assets.xcassets in Resources */ = {isa = PBXBuildFile; fileRef = A81FC46627E8C28000D010B7 /* Assets.xcassets */; };
		A81FC46A27E8C28000D010B7 /* LaunchScreen.storyboard in Resources */ = {isa = PBXBuildFile; fileRef = A81FC46827E8C28000D010B7 /* LaunchScreen.storyboard */; };
		A81FC47227E8C29600D010B7 /* CalculatorViewController.swift in Sources */ = {isa = PBXBuildFile; fileRef = A81FC47127E8C29600D010B7 /* CalculatorViewController.swift */; };
		A81FC47427E8C2AE00D010B7 /* ResultsViewController.swift in Sources */ = {isa = PBXBuildFile; fileRef = A81FC47327E8C2AE00D010B7 /* ResultsViewController.swift */; };
/* End PBXBuildFile section */

/* Begin PBXFileReference section */
		A81FC45727E8C27F00D010B7 /* BillDividorWithTip.app */ = {isa = PBXFileReference; explicitFileType = wrapper.application; includeInIndex = 0; path = BillDividorWithTip.app; sourceTree = BUILT_PRODUCTS_DIR; };
		A81FC45A27E8C27F00D010B7 /* AppDelegate.swift */ = {isa = PBXFileReference; lastKnownFileType = sourcecode.swift; path = AppDelegate.swift; sourceTree = "<group>"; };
		A81FC45C27E8C27F00D010B7 /* SceneDelegate.swift */ = {isa = PBXFileReference; lastKnownFileType = sourcecode.swift; path = SceneDelegate.swift; sourceTree = "<group>"; };
		A81FC46127E8C27F00D010B7 /* Base */ = {isa = PBXFileReference; lastKnownFileType = file.storyboard; name = Base; path = Base.lproj/Main.storyboard; sourceTree = "<group>"; };
		A81FC46427E8C27F00D010B7 /* BillDividorWithTip.xcdatamodel */ = {isa = PBXFileReference; lastKnownFileType = wrapper.xcdatamodel; path = BillDividorWithTip.xcdatamodel; sourceTree = "<group>"; };
		A81FC46627E8C28000D010B7 /* Assets.xcassets */ = {isa = PBXFileReference; lastKnownFileType = folder.assetcatalog; path = Assets.xcassets; sourceTree = "<group>"; };
		A81FC46927E8C28000D010B7 /* Base */ = {isa = PBXFileReference; lastKnownFileType = file.storyboard; name = Base; path = Base.lproj/LaunchScreen.storyboard; sourceTree = "<group>"; };
		A81FC46B27E8C28000D010B7 /* Info.plist */ = {isa = PBXFileReference; lastKnownFileType = text.plist.xml; path = Info.plist; sourceTree = "<group>"; };
		A81FC47127E8C29600D010B7 /* CalculatorViewController.swift */ = {isa = PBXFileReference; lastKnownFileType = sourcecode.swift; path = CalculatorViewController.swift; sourceTree = "<group>"; };
		A81FC47327E8C2AE00D010B7 /* ResultsViewController.swift */ = {isa = PBXFileReference; lastKnownFileType = sourcecode.swift; path = ResultsViewController.swift; sourceTree = "<group>"; };
/* End PBXFileReference section */

/* Begin PBXFrameworksBuildPhase section */
		A81FC45427E8C27F00D010B7 /* Frameworks */ = {
			isa = PBXFrameworksBuildPhase;
			buildActionMask = 2147483647;
			files = (
			);
			runOnlyForDeploymentPostprocessing = 0;
		};
/* End PBXFrameworksBuildPhase section */

/* Begin PBXGroup section */
		A81FC44E27E8C27F00D010B7 = {
			isa = PBXGroup;
			children = (
				A81FC45927E8C27F00D010B7 /* BillDividorWithTip */,
				A81FC45827E8C27F00D010B7 /* Products */,
			);
			sourceTree = "<group>";
		};
		A81FC45827E8C27F00D010B7 /* Products */ = {
			isa = PBXGroup;
			children = (
				A81FC45727E8C27F00D010B7 /* BillDividorWithTip.app */,
			);
			name = Products;
			sourceTree = "<group>";
		};
		A81FC45927E8C27F00D010B7 /* BillDividorWithTip */ = {
			isa = PBXGroup;
			children = (
				A81FC45A27E8C27F00D010B7 /* AppDelegate.swift */,
				A81FC45C27E8C27F00D010B7 /* SceneDelegate.swift */,
				A81FC47527E8C2CA00D010B7 /* Controllers */,
				A81FC46027E8C27F00D010B7 /* Main.storyboard */,
				A81FC46627E8C28000D010B7 /* Assets.xcassets */,
				A81FC46827E8C28000D010B7 /* LaunchScreen.storyboard */,
				A81FC46B27E8C28000D010B7 /* Info.plist */,
				A81FC46327E8C27F00D010B7 /* BillDividorWithTip.xcdatamodeld */,
			);
			path = BillDividorWithTip;
			sourceTree = "<group>";
		};
		A81FC47527E8C2CA00D010B7 /* Controllers */ = {
			isa = PBXGroup;
			children = (
				A81FC47127E8C29600D010B7 /* CalculatorViewController.swift */,
				A81FC47327E8C2AE00D010B7 /* ResultsViewController.swift */,
			);
			path = Controllers;
			sourceTree = "<group>";
		};
/* End PBXGroup section */

/* Begin PBXNativeTarget section */
		A81FC45627E8C27F00D010B7 /* BillDividorWithTip */ = {
			isa = PBXNativeTarget;
			buildConfigurationList = A81FC46E27E8C28000D010B7 /* Build configuration list for PBXNativeTarget "BillDividorWithTip" */;
			buildPhases = (
				A81FC45327E8C27F00D010B7 /* Sources */,
				A81FC45427E8C27F00D010B7 /* Frameworks */,
				A81FC45527E8C27F00D010B7 /* Resources */,
			);
			buildRules = (
			);
			dependencies = (
			);
			name = BillDividorWithTip;
			productName = BillDividorWithTip;
			productReference = A81FC45727E8C27F00D010B7 /* BillDividorWithTip.app */;
			productType = "com.apple.product-type.application";
		};
/* End PBXNativeTarget section */

/* Begin PBXProject section */
		A81FC44F27E8C27F00D010B7 /* Project object */ = {
			isa = PBXProject;
			attributes = {
				BuildIndependentTargetsInParallel = 1;
				LastSwiftUpdateCheck = 1330;
				LastUpgradeCheck = 1330;
				TargetAttributes = {
					A81FC45627E8C27F00D010B7 = {
						CreatedOnToolsVersion = 13.3;
					};
				};
			};
			buildConfigurationList = A81FC45227E8C27F00D010B7 /* Build configuration list for PBXProject "BillDividorWithTip" */;
			compatibilityVersion = "Xcode 13.0";
			developmentRegion = en;
			hasScannedForEncodings = 0;
			knownRegions = (
				en,
				Base,
			);
			mainGroup = A81FC44E27E8C27F00D010B7;
			productRefGroup = A81FC45827E8C27F00D010B7 /* Products */;
			projectDirPath = "";
			projectRoot = "";
			targets = (
				A81FC45627E8C27F00D010B7 /* BillDividorWithTip */,
			);
		};
/* End PBXProject section */

/* Begin PBXResourcesBuildPhase section */
		A81FC45527E8C27F00D010B7 /* Resources */ = {
			isa = PBXResourcesBuildPhase;
			buildActionMask = 2147483647;
			files = (
				A81FC46A27E8C28000D010B7 /* LaunchScreen.storyboard in Resources */,
				A81FC46727E8C28000D010B7 /* Assets.xcassets in Resources */,
				A81FC46227E8C27F00D010B7 /* Main.storyboard in Resources */,
			);
			runOnlyForDeploymentPostprocessing = 0;
		};
/* End PBXResourcesBuildPhase section */

/* Begin PBXSourcesBuildPhase section */
		A81FC45327E8C27F00D010B7 /* Sources */ = {
			isa = PBXSourcesBuildPhase;
			buildActionMask = 2147483647;
			files = (
				A81FC47227E8C29600D010B7 /* CalculatorViewController.swift in Sources */,
				A81FC46527E8C27F00D010B7 /* BillDividorWithTip.xcdatamodeld in Sources */,
				A81FC45B27E8C27F00D010B7 /* AppDelegate.swift in Sources */,
				A81FC45D27E8C27F00D010B7 /* SceneDelegate.swift in Sources */,
				A81FC47427E8C2AE00D010B7 /* ResultsViewController.swift in Sources */,
			);
			runOnlyForDeploymentPostprocessing = 0;
		};
/* End PBXSourcesBuildPhase section */

/* Begin PBXVariantGroup section */
		A81FC46027E8C27F00D010B7 /* Main.storyboard */ = {
			isa = PBXVariantGroup;
			children = (
				A81FC46127E8C27F00D010B7 /* Base */,
			);
			name = Main.storyboard;
			sourceTree = "<group>";
		};
		A81FC46827E8C28000D010B7 /* LaunchScreen.storyboard */ = {
			isa = PBXVariantGroup;
			children = (
				A81FC46927E8C28000D010B7 /* Base */,
			);
			name = LaunchScreen.storyboard;
			sourceTree = "<group>";
		};
/* End PBXVariantGroup section */

/* Begin XCBuildConfiguration section */
		A81FC46C27E8C28000D010B7 /* Debug */ = {
			isa = XCBuildConfiguration;
			buildSettings = {
				ALWAYS_SEARCH_USER_PATHS = NO;
				CLANG_ANALYZER_NONNULL = YES;
				CLANG_ANALYZER_NUMBER_OBJECT_CONVERSION = YES_AGGRESSIVE;
				CLANG_CXX_LANGUAGE_STANDARD = "gnu++17";
				CLANG_ENABLE_MODULES = YES;
				CLANG_ENABLE_OBJC_ARC = YES;
				CLANG_ENABLE_OBJC_WEAK = YES;
				CLANG_WARN_BLOCK_CAPTURE_AUTORELEASING = YES;
				CLANG_WARN_BOOL_CONVERSION = YES;
				CLANG_WARN_COMMA = YES;
				CLANG_WARN_CONSTANT_CONVERSION = YES;
				CLANG_WARN_DEPRECATED_OBJC_IMPLEMENTATIONS = YES;
				CLANG_WARN_DIRECT_OBJC_ISA_USAGE = YES_ERROR;
				CLANG_WARN_DOCUMENTATION_COMMENTS = YES;
				CLANG_WARN_EMPTY_BODY = YES;
				CLANG_WARN_ENUM_CONVERSION = YES;
				CLANG_WARN_INFINITE_RECURSION = YES;
				CLANG_WARN_INT_CONVERSION = YES;
				CLANG_WARN_NON_LITERAL_NULL_CONVERSION = YES;
				CLANG_WARN_OBJC_IMPLICIT_RETAIN_SELF = YES;
				CLANG_WARN_OBJC_LITERAL_CONVERSION = YES;
				CLANG_WARN_OBJC_ROOT_CLASS = YES_ERROR;
				CLANG_WARN_QUOTED_INCLUDE_IN_FRAMEWORK_HEADER = YES;
				CLANG_WARN_RANGE_LOOP_ANALYSIS = YES;
				CLANG_WARN_STRICT_PROTOTYPES = YES;
				CLANG_WARN_SUSPICIOUS_MOVE = YES;
				CLANG_WARN_UNGUARDED_AVAILABILITY = YES_AGGRESSIVE;
				CLANG_WARN_UNREACHABLE_CODE = YES;
				CLANG_WARN__DUPLICATE_METHOD_MATCH = YES;
				COPY_PHASE_STRIP = NO;
				DEBUG_INFORMATION_FORMAT = dwarf;
				ENABLE_STRICT_OBJC_MSGSEND = YES;
				ENABLE_TESTABILITY = YES;
				GCC_C_LANGUAGE_STANDARD = gnu11;
				GCC_DYNAMIC_NO_PIC = NO;
				GCC_NO_COMMON_BLOCKS = YES;
				GCC_OPTIMIZATION_LEVEL = 0;
				GCC_PREPROCESSOR_DEFINITIONS = (
					"DEBUG=1",
					"$(inherited)",
				);
				GCC_WARN_64_TO_32_BIT_CONVERSION = YES;
				GCC_WARN_ABOUT_RETURN_TYPE = YES_ERROR;
				GCC_WARN_UNDECLARED_SELECTOR = YES;
				GCC_WARN_UNINITIALIZED_AUTOS = YES_AGGRESSIVE;
				GCC_WARN_UNUSED_FUNCTION = YES;
				GCC_WARN_UNUSED_VARIABLE = YES;
				IPHONEOS_DEPLOYMENT_TARGET = 15.4;
				MTL_ENABLE_DEBUG_INFO = INCLUDE_SOURCE;
				MTL_FAST_MATH = YES;
				ONLY_ACTIVE_ARCH = YES;
				SDKROOT = iphoneos;
				SWIFT_ACTIVE_COMPILATION_CONDITIONS = DEBUG;
				SWIFT_OPTIMIZATION_LEVEL = "-Onone";
			};
			name = Debug;
		};
		A81FC46D27E8C28000D010B7 /* Release */ = {
			isa = XCBuildConfiguration;
			buildSettings = {
				ALWAYS_SEARCH_USER_PATHS = NO;
				CLANG_ANALYZER_NONNULL = YES;
				CLANG_ANALYZER_NUMBER_OBJECT_CONVERSION = YES_AGGRESSIVE;
				CLANG_CXX_LANGUAGE_STANDARD = "gnu++17";
				CLANG_ENABLE_MODULES = YES;
				CLANG_ENABLE_OBJC_ARC = YES;
				CLANG_ENABLE_OBJC_WEAK = YES;
				CLANG_WARN_BLOCK_CAPTURE_AUTORELEASING = YES;
				CLANG_WARN_BOOL_CONVERSION = YES;
				CLANG_WARN_COMMA = YES;
				CLANG_WARN_CONSTANT_CONVERSION = YES;
				CLANG_WARN_DEPRECATED_OBJC_IMPLEMENTATIONS = YES;
				CLANG_WARN_DIRECT_OBJC_ISA_USAGE = YES_ERROR;
				CLANG_WARN_DOCUMENTATION_COMMENTS = YES;
				CLANG_WARN_EMPTY_BODY = YES;
				CLANG_WARN_ENUM_CONVERSION = YES;
				CLANG_WARN_INFINITE_RECURSION = YES;
				CLANG_WARN_INT_CONVERSION = YES;
				CLANG_WARN_NON_LITERAL_NULL_CONVERSION = YES;
				CLANG_WARN_OBJC_IMPLICIT_RETAIN_SELF = YES;
				CLANG_WARN_OBJC_LITERAL_CONVERSION = YES;
				CLANG_WARN_OBJC_ROOT_CLASS = YES_ERROR;
				CLANG_WARN_QUOTED_INCLUDE_IN_FRAMEWORK_HEADER = YES;
				CLANG_WARN_RANGE_LOOP_ANALYSIS = YES;
				CLANG_WARN_STRICT_PROTOTYPES = YES;
				CLANG_WARN_SUSPICIOUS_MOVE = YES;
				CLANG_WARN_UNGUARDED_AVAILABILITY = YES_AGGRESSIVE;
				CLANG_WARN_UNREACHABLE_CODE = YES;
				CLANG_WARN__DUPLICATE_METHOD_MATCH = YES;
				COPY_PHASE_STRIP = NO;
				DEBUG_INFORMATION_FORMAT = "dwarf-with-dsym";
				ENABLE_NS_ASSERTIONS = NO;
				ENABLE_STRICT_OBJC_MSGSEND = YES;
				GCC_C_LANGUAGE_STANDARD = gnu11;
				GCC_NO_COMMON_BLOCKS = YES;
				GCC_WARN_64_TO_32_BIT_CONVERSION = YES;
				GCC_WARN_ABOUT_RETURN_TYPE = YES_ERROR;
				GCC_WARN_UNDECLARED_SELECTOR = YES;
				GCC_WARN_UNINITIALIZED_AUTOS = YES_AGGRESSIVE;
				GCC_WARN_UNUSED_FUNCTION = YES;
				GCC_WARN_UNUSED_VARIABLE = YES;
				IPHONEOS_DEPLOYMENT_TARGET = 15.4;
				MTL_ENABLE_DEBUG_INFO = NO;
				MTL_FAST_MATH = YES;
				SDKROOT = iphoneos;
				SWIFT_COMPILATION_MODE = wholemodule;
				SWIFT_OPTIMIZATION_LEVEL = "-O";
				VALIDATE_PRODUCT = YES;
			};
			name = Release;
		};
		A81FC46F27E8C28000D010B7 /* Debug */ = {
			isa = XCBuildConfiguration;
			buildSettings = {
				ASSETCATALOG_COMPILER_APPICON_NAME = AppIcon;
				ASSETCATALOG_COMPILER_GLOBAL_ACCENT_COLOR_NAME = AccentColor;
				CODE_SIGN_STYLE = Automatic;
				CURRENT_PROJECT_VERSION = 1;
				DEVELOPMENT_TEAM = AGS6TYDXG5;
				GENERATE_INFOPLIST_FILE = YES;
				INFOPLIST_FILE = BillDividorWithTip/Info.plist;
				INFOPLIST_KEY_UIApplicationSupportsIndirectInputEvents = YES;
				INFOPLIST_KEY_UILaunchStoryboardName = LaunchScreen;
				INFOPLIST_KEY_UIMainStoryboardFile = Main;
				INFOPLIST_KEY_UISupportedInterfaceOrientations_iPad = "UIInterfaceOrientationPortrait UIInterfaceOrientationPortraitUpsideDown UIInterfaceOrientationLandscapeLeft UIInterfaceOrientationLandscapeRight";
				INFOPLIST_KEY_UISupportedInterfaceOrientations_iPhone = "UIInterfaceOrientationPortrait UIInterfaceOrientationLandscapeLeft UIInterfaceOrientationLandscapeRight";
				LD_RUNPATH_SEARCH_PATHS = (
					"$(inherited)",
					"@executable_path/Frameworks",
				);
				MARKETING_VERSION = 1.0;
				PRODUCT_BUNDLE_IDENTIFIER = mucahiterenozkur.BillDividorWithTip;
				PRODUCT_NAME = "$(TARGET_NAME)";
				SWIFT_EMIT_LOC_STRINGS = YES;
				SWIFT_VERSION = 5.0;
				TARGETED_DEVICE_FAMILY = "1,2";
			};
			name = Debug;
		};
		A81FC47027E8C28000D010B7 /* Release */ = {
			isa = XCBuildConfiguration;
			buildSettings = {
				ASSETCATALOG_COMPILER_APPICON_NAME = AppIcon;
				ASSETCATALOG_COMPILER_GLOBAL_ACCENT_COLOR_NAME = AccentColor;
				CODE_SIGN_STYLE = Automatic;
				CURRENT_PROJECT_VERSION = 1;
				DEVELOPMENT_TEAM = AGS6TYDXG5;
				GENERATE_INFOPLIST_FILE = YES;
				INFOPLIST_FILE = BillDividorWithTip/Info.plist;
				INFOPLIST_KEY_UIApplicationSupportsIndirectInputEvents = YES;
				INFOPLIST_KEY_UILaunchStoryboardName = LaunchScreen;
				INFOPLIST_KEY_UIMainStoryboardFile = Main;
				INFOPLIST_KEY_UISupportedInterfaceOrientations_iPad = "UIInterfaceOrientationPortrait UIInterfaceOrientationPortraitUpsideDown UIInterfaceOrientationLandscapeLeft UIInterfaceOrientationLandscapeRight";
				INFOPLIST_KEY_UISupportedInterfaceOrientations_iPhone = "UIInterfaceOrientationPortrait UIInterfaceOrientationLandscapeLeft UIInterfaceOrientationLandscapeRight";
				LD_RUNPATH_SEARCH_PATHS = (
					"$(inherited)",
					"@executable_path/Frameworks",
				);
				MARKETING_VERSION = 1.0;
				PRODUCT_BUNDLE_IDENTIFIER = mucahiterenozkur.BillDividorWithTip;
				PRODUCT_NAME = "$(TARGET_NAME)";
				SWIFT_EMIT_LOC_STRINGS = YES;
				SWIFT_VERSION = 5.0;
				TARGETED_DEVICE_FAMILY = "1,2";
			};
			name = Release;
		};
/* End XCBuildConfiguration section */

/* Begin XCConfigurationList section */
		A81FC45227E8C27F00D010B7 /* Build configuration list for PBXProject "BillDividorWithTip" */ = {
			isa = XCConfigurationList;
			buildConfigurations = (
				A81FC46C27E8C28000D010B7 /* Debug */,
				A81FC46D27E8C28000D010B7 /* Release */,
			);
			defaultConfigurationIsVisible = 0;
			defaultConfigurationName = Release;
		};
		A81FC46E27E8C28000D010B7 /* Build configuration list for PBXNativeTarget "BillDividorWithTip" */ = {
			isa = XCConfigurationList;
			buildConfigurations = (
				A81FC46F27E8C28000D010B7 /* Debug */,
				A81FC47027E8C28000D010B7 /* Release */,
			);
			defaultConfigurationIsVisible = 0;
			defaultConfigurationName = Release;
		};
/* End XCConfigurationList section */

/* Begin XCVersionGroup section */
		A81FC46327E8C27F00D010B7 /* BillDividorWithTip.xcdatamodeld */ = {
			isa = XCVersionGroup;
			children = (
				A81FC46427E8C27F00D010B7 /* BillDividorWithTip.xcdatamodel */,
			);
			currentVersion = A81FC46427E8C27F00D010B7 /* BillDividorWithTip.xcdatamodel */;
			path = BillDividorWithTip.xcdatamodeld;
			sourceTree = "<group>";
			versionGroupType = wrapper.xcdatamodel;
		};
/* End XCVersionGroup section */
	};
	rootObject = A81FC44F27E8C27F00D010B7 /* Project object */;
}
